
Microsoft Visual Studio Solution File, Format Version 12.00
# Visual Studio Version 17
VisualStudioVersion = 17.3.32811.315
MinimumVisualStudioVersion = 10.0.40219.1
Project("{FAE04EC0-301F-11D3-BF4B-00C04F79EFBC}") = "kursach2WinForms", "kursach2WinForms\kursach2WinForms.csproj", "{5EB1EDC7-0C07-4345-8E47-8A1F90DD5512}"
EndProject
Global
	GlobalSection(SolutionConfigurationPlatforms) = preSolution
		Debug|Any CPU = Debug|Any CPU
		Release|Any CPU = Release|Any CPU
	EndGlobalSection
	GlobalSection(ProjectConfigurationPlatforms) = postSolution
		{5EB1EDC7-0C07-4345-8E47-8A1F90DD5512}.Debug|Any CPU.ActiveCfg = Debug|Any CPU
		{5EB1EDC7-0C07-4345-8E47-8A1F90DD5512}.Debug|Any CPU.Build.0 = Debug|Any CPU
		{5EB1EDC7-0C07-4345-8E47-8A1F90DD5512}.Release|Any CPU.ActiveCfg = Release|Any CPU
		{5EB1EDC7-0C07-4345-8E47-8A1F90DD5512}.Release|Any CPU.Build.0 = Release|Any CPU
	EndGlobalSection
	GlobalSection(SolutionProperties) = preSolution
		HideSolutionNode = FALSE
	EndGlobalSection
	GlobalSection(ExtensibilityGlobals) = postSolution
		SolutionGuid = {605D5E9C-65B5-4774-8311-0506D4EEC60C}
	EndGlobalSection
EndGlobal
